// !$*UTF8*$!
{
	archiveVersion = 1;
	classes = {
	};
	objectVersion = 50;
	objects = {

/* Begin PBXBuildFile section */
		176FF6EC2617BCC400275C2D /* AppButtonStyle.swift in Sources */ = {isa = PBXBuildFile; fileRef = 176FF6EB2617BCC400275C2D /* AppButtonStyle.swift */; };
		176FF6F02617BCD600275C2D /* AppTextFieldStyle.swift in Sources */ = {isa = PBXBuildFile; fileRef = 176FF6EF2617BCD600275C2D /* AppTextFieldStyle.swift */; };
		176FF6F62617C0B600275C2D /* AuthenticationStore.swift in Sources */ = {isa = PBXBuildFile; fileRef = 176FF6F52617C0B600275C2D /* AuthenticationStore.swift */; };
		176FF7012617DB0E00275C2D /* GoogleService-Info.plist in Resources */ = {isa = PBXBuildFile; fileRef = 176FF7002617DB0E00275C2D /* GoogleService-Info.plist */; };
		17C40006260E330400FAACA7 /* SurfReportApp.swift in Sources */ = {isa = PBXBuildFile; fileRef = 17C40005260E330400FAACA7 /* SurfReportApp.swift */; };
		17C4000A260E330600FAACA7 /* Assets.xcassets in Resources */ = {isa = PBXBuildFile; fileRef = 17C40009260E330600FAACA7 /* Assets.xcassets */; };
		17C4000D260E330600FAACA7 /* Preview Assets.xcassets in Resources */ = {isa = PBXBuildFile; fileRef = 17C4000C260E330600FAACA7 /* Preview Assets.xcassets */; };
		17C40016260E332C00FAACA7 /* SignInView.swift in Sources */ = {isa = PBXBuildFile; fileRef = 17C40015260E332C00FAACA7 /* SignInView.swift */; };
		F175F1E72BCFCAA746E3FD8B /* Pods_SurfReport.framework in Frameworks */ = {isa = PBXBuildFile; fileRef = A8FDB2B90B89A5D0B6E31E53 /* Pods_SurfReport.framework */; };
/* End PBXBuildFile section */

/* Begin PBXFileReference section */
		176FF6EB2617BCC400275C2D /* AppButtonStyle.swift */ = {isa = PBXFileReference; lastKnownFileType = sourcecode.swift; path = AppButtonStyle.swift; sourceTree = "<group>"; };
		176FF6EF2617BCD600275C2D /* AppTextFieldStyle.swift */ = {isa = PBXFileReference; lastKnownFileType = sourcecode.swift; path = AppTextFieldStyle.swift; sourceTree = "<group>"; };
		176FF6F52617C0B600275C2D /* AuthenticationStore.swift */ = {isa = PBXFileReference; lastKnownFileType = sourcecode.swift; path = AuthenticationStore.swift; sourceTree = "<group>"; };
		176FF7002617DB0E00275C2D /* GoogleService-Info.plist */ = {isa = PBXFileReference; fileEncoding = 4; lastKnownFileType = text.plist.xml; path = "GoogleService-Info.plist"; sourceTree = "<group>"; };
		17C40002260E330400FAACA7 /* SurfReport.app */ = {isa = PBXFileReference; explicitFileType = wrapper.application; includeInIndex = 0; path = SurfReport.app; sourceTree = BUILT_PRODUCTS_DIR; };
		17C40005260E330400FAACA7 /* SurfReportApp.swift */ = {isa = PBXFileReference; lastKnownFileType = sourcecode.swift; path = SurfReportApp.swift; sourceTree = "<group>"; };
		17C40009260E330600FAACA7 /* Assets.xcassets */ = {isa = PBXFileReference; lastKnownFileType = folder.assetcatalog; path = Assets.xcassets; sourceTree = "<group>"; };
		17C4000C260E330600FAACA7 /* Preview Assets.xcassets */ = {isa = PBXFileReference; lastKnownFileType = folder.assetcatalog; path = "Preview Assets.xcassets"; sourceTree = "<group>"; };
		17C4000E260E330600FAACA7 /* Info.plist */ = {isa = PBXFileReference; lastKnownFileType = text.plist.xml; path = Info.plist; sourceTree = "<group>"; };
		17C40015260E332C00FAACA7 /* SignInView.swift */ = {isa = PBXFileReference; lastKnownFileType = sourcecode.swift; path = SignInView.swift; sourceTree = "<group>"; };
		32622236A954381268CA0B16 /* Pods-SurfReport.release.xcconfig */ = {isa = PBXFileReference; includeInIndex = 1; lastKnownFileType = text.xcconfig; name = "Pods-SurfReport.release.xcconfig"; path = "Target Support Files/Pods-SurfReport/Pods-SurfReport.release.xcconfig"; sourceTree = "<group>"; };
		655BBD6F26B9320C62283FD9 /* Pods-SurfReport.debug.xcconfig */ = {isa = PBXFileReference; includeInIndex = 1; lastKnownFileType = text.xcconfig; name = "Pods-SurfReport.debug.xcconfig"; path = "Target Support Files/Pods-SurfReport/Pods-SurfReport.debug.xcconfig"; sourceTree = "<group>"; };
		A8FDB2B90B89A5D0B6E31E53 /* Pods_SurfReport.framework */ = {isa = PBXFileReference; explicitFileType = wrapper.framework; includeInIndex = 0; path = Pods_SurfReport.framework; sourceTree = BUILT_PRODUCTS_DIR; };
/* End PBXFileReference section */

/* Begin PBXFrameworksBuildPhase section */
		17C4FFFF260E330400FAACA7 /* Frameworks */ = {
			isa = PBXFrameworksBuildPhase;
			buildActionMask = 2147483647;
			files = (
				F175F1E72BCFCAA746E3FD8B /* Pods_SurfReport.framework in Frameworks */,
			);
			runOnlyForDeploymentPostprocessing = 0;
		};
/* End PBXFrameworksBuildPhase section */

/* Begin PBXGroup section */
		176FF6EA2617BC8E00275C2D /* UI Styles */ = {
			isa = PBXGroup;
			children = (
				176FF6EB2617BCC400275C2D /* AppButtonStyle.swift */,
				176FF6EF2617BCD600275C2D /* AppTextFieldStyle.swift */,
			);
			path = "UI Styles";
			sourceTree = "<group>";
		};
		17C40003260E330400FAACA7 /* Products */ = {
			isa = PBXGroup;
			children = (
				17C40002260E330400FAACA7 /* SurfReport.app */,
			);
			name = Products;
			sourceTree = "<group>";
		};
		17C40004260E330400FAACA7 /* SurfReport */ = {
			isa = PBXGroup;
			children = (
				17C40005260E330400FAACA7 /* SurfReportApp.swift */,
				17C40018260E332F00FAACA7 /* Authentication */,
				176FF6EA2617BC8E00275C2D /* UI Styles */,
				17C40009260E330600FAACA7 /* Assets.xcassets */,
				17C4000E260E330600FAACA7 /* Info.plist */,
				176FF7002617DB0E00275C2D /* GoogleService-Info.plist */,
				17C4000B260E330600FAACA7 /* Preview Content */,
			);
			path = SurfReport;
			sourceTree = "<group>";
		};
		17C4000B260E330600FAACA7 /* Preview Content */ = {
			isa = PBXGroup;
			children = (
				17C4000C260E330600FAACA7 /* Preview Assets.xcassets */,
			);
			path = "Preview Content";
			sourceTree = "<group>";
		};
		17C40018260E332F00FAACA7 /* Authentication */ = {
			isa = PBXGroup;
			children = (
				17C40015260E332C00FAACA7 /* SignInView.swift */,
				176FF6F52617C0B600275C2D /* AuthenticationStore.swift */,
			);
			path = Authentication;
			sourceTree = "<group>";
		};
		17C4FFF9260E330400FAACA7 = {
			isa = PBXGroup;
			children = (
				17C40004260E330400FAACA7 /* SurfReport */,
				17C40003260E330400FAACA7 /* Products */,
				8C412F89FD07E601A59DC854 /* Pods */,
				41995258FB5AB8B6AEF742C4 /* Frameworks */,
			);
			sourceTree = "<group>";
		};
		41995258FB5AB8B6AEF742C4 /* Frameworks */ = {
			isa = PBXGroup;
			children = (
				A8FDB2B90B89A5D0B6E31E53 /* Pods_SurfReport.framework */,
			);
			name = Frameworks;
			sourceTree = "<group>";
		};
		8C412F89FD07E601A59DC854 /* Pods */ = {
			isa = PBXGroup;
			children = (
				655BBD6F26B9320C62283FD9 /* Pods-SurfReport.debug.xcconfig */,
				32622236A954381268CA0B16 /* Pods-SurfReport.release.xcconfig */,
			);
			name = Pods;
			path = Pods;
			sourceTree = "<group>";
		};
/* End PBXGroup section */

/* Begin PBXNativeTarget section */
		17C40001260E330400FAACA7 /* SurfReport */ = {
			isa = PBXNativeTarget;
			buildConfigurationList = 17C40011260E330600FAACA7 /* Build configuration list for PBXNativeTarget "SurfReport" */;
			buildPhases = (
				582714315969BB265508CF3F /* [CP] Check Pods Manifest.lock */,
				17C4FFFE260E330400FAACA7 /* Sources */,
				17C4FFFF260E330400FAACA7 /* Frameworks */,
				17C40000260E330400FAACA7 /* Resources */,
				E5A97CE7B90AA1A03DBDF81F /* [CP] Embed Pods Frameworks */,
			);
			buildRules = (
			);
			dependencies = (
			);
			name = SurfReport;
			productName = SurfReport;
			productReference = 17C40002260E330400FAACA7 /* SurfReport.app */;
			productType = "com.apple.product-type.application";
		};
/* End PBXNativeTarget section */

/* Begin PBXProject section */
		17C4FFFA260E330400FAACA7 /* Project object */ = {
			isa = PBXProject;
			attributes = {
				LastSwiftUpdateCheck = 1230;
				LastUpgradeCheck = 1230;
				TargetAttributes = {
					17C40001260E330400FAACA7 = {
						CreatedOnToolsVersion = 12.3;
					};
				};
			};
			buildConfigurationList = 17C4FFFD260E330400FAACA7 /* Build configuration list for PBXProject "SurfReport" */;
			compatibilityVersion = "Xcode 9.3";
			developmentRegion = en;
			hasScannedForEncodings = 0;
			knownRegions = (
				en,
				Base,
			);
			mainGroup = 17C4FFF9260E330400FAACA7;
			productRefGroup = 17C40003260E330400FAACA7 /* Products */;
			projectDirPath = "";
			projectRoot = "";
			targets = (
				17C40001260E330400FAACA7 /* SurfReport */,
			);
		};
/* End PBXProject section */

/* Begin PBXResourcesBuildPhase section */
		17C40000260E330400FAACA7 /* Resources */ = {
			isa = PBXResourcesBuildPhase;
			buildActionMask = 2147483647;
			files = (
				17C4000D260E330600FAACA7 /* Preview Assets.xcassets in Resources */,
				17C4000A260E330600FAACA7 /* Assets.xcassets in Resources */,
				176FF7012617DB0E00275C2D /* GoogleService-Info.plist in Resources */,
			);
			runOnlyForDeploymentPostprocessing = 0;
		};
/* End PBXResourcesBuildPhase section */

/* Begin PBXShellScriptBuildPhase section */
		582714315969BB265508CF3F /* [CP] Check Pods Manifest.lock */ = {
			isa = PBXShellScriptBuildPhase;
			buildActionMask = 2147483647;
			files = (
			);
			inputFileListPaths = (
			);
			inputPaths = (
				"${PODS_PODFILE_DIR_PATH}/Podfile.lock",
				"${PODS_ROOT}/Manifest.lock",
			);
			name = "[CP] Check Pods Manifest.lock";
			outputFileListPaths = (
			);
			outputPaths = (
				"$(DERIVED_FILE_DIR)/Pods-SurfReport-checkManifestLockResult.txt",
			);
			runOnlyForDeploymentPostprocessing = 0;
			shellPath = /bin/sh;
			shellScript = "diff \"${PODS_PODFILE_DIR_PATH}/Podfile.lock\" \"${PODS_ROOT}/Manifest.lock\" > /dev/null\nif [ $? != 0 ] ; then\n    # print error to STDERR\n    echo \"error: The sandbox is not in sync with the Podfile.lock. Run 'pod install' or update your CocoaPods installation.\" >&2\n    exit 1\nfi\n# This output is used by Xcode 'outputs' to avoid re-running this script phase.\necho \"SUCCESS\" > \"${SCRIPT_OUTPUT_FILE_0}\"\n";
			showEnvVarsInLog = 0;
		};
		E5A97CE7B90AA1A03DBDF81F /* [CP] Embed Pods Frameworks */ = {
			isa = PBXShellScriptBuildPhase;
			buildActionMask = 2147483647;
			files = (
			);
			inputFileListPaths = (
				"${PODS_ROOT}/Target Support Files/Pods-SurfReport/Pods-SurfReport-frameworks-${CONFIGURATION}-input-files.xcfilelist",
			);
			name = "[CP] Embed Pods Frameworks";
			outputFileListPaths = (
				"${PODS_ROOT}/Target Support Files/Pods-SurfReport/Pods-SurfReport-frameworks-${CONFIGURATION}-output-files.xcfilelist",
			);
			runOnlyForDeploymentPostprocessing = 0;
			shellPath = /bin/sh;
			shellScript = "\"${PODS_ROOT}/Target Support Files/Pods-SurfReport/Pods-SurfReport-frameworks.sh\"\n";
			showEnvVarsInLog = 0;
		};
/* End PBXShellScriptBuildPhase section */

/* Begin PBXSourcesBuildPhase section */
		17C4FFFE260E330400FAACA7 /* Sources */ = {
			isa = PBXSourcesBuildPhase;
			buildActionMask = 2147483647;
			files = (
				176FF6F62617C0B600275C2D /* AuthenticationStore.swift in Sources */,
				17C40016260E332C00FAACA7 /* SignInView.swift in Sources */,
				176FF6F02617BCD600275C2D /* AppTextFieldStyle.swift in Sources */,
				176FF6EC2617BCC400275C2D /* AppButtonStyle.swift in Sources */,
				17C40006260E330400FAACA7 /* SurfReportApp.swift in Sources */,
			);
			runOnlyForDeploymentPostprocessing = 0;
		};
/* End PBXSourcesBuildPhase section */

/* Begin XCBuildConfiguration section */
		17C4000F260E330600FAACA7 /* Debug */ = {
			isa = XCBuildConfiguration;
			buildSettings = {
				ALWAYS_SEARCH_USER_PATHS = NO;
				CLANG_ANALYZER_NONNULL = YES;
				CLANG_ANALYZER_NUMBER_OBJECT_CONVERSION = YES_AGGRESSIVE;
				CLANG_CXX_LANGUAGE_STANDARD = "gnu++14";
				CLANG_CXX_LIBRARY = "libc++";
				CLANG_ENABLE_MODULES = YES;
				CLANG_ENABLE_OBJC_ARC = YES;
				CLANG_ENABLE_OBJC_WEAK = YES;
				CLANG_WARN_BLOCK_CAPTURE_AUTORELEASING = YES;
				CLANG_WARN_BOOL_CONVERSION = YES;
				CLANG_WARN_COMMA = YES;
				CLANG_WARN_CONSTANT_CONVERSION = YES;
				CLANG_WARN_DEPRECATED_OBJC_IMPLEMENTATIONS = YES;
				CLANG_WARN_DIRECT_OBJC_ISA_USAGE = YES_ERROR;
				CLANG_WARN_DOCUMENTATION_COMMENTS = YES;
				CLANG_WARN_EMPTY_BODY = YES;
				CLANG_WARN_ENUM_CONVERSION = YES;
				CLANG_WARN_INFINITE_RECURSION = YES;
				CLANG_WARN_INT_CONVERSION = YES;
				CLANG_WARN_NON_LITERAL_NULL_CONVERSION = YES;
				CLANG_WARN_OBJC_IMPLICIT_RETAIN_SELF = YES;
				CLANG_WARN_OBJC_LITERAL_CONVERSION = YES;
				CLANG_WARN_OBJC_ROOT_CLASS = YES_ERROR;
				CLANG_WARN_QUOTED_INCLUDE_IN_FRAMEWORK_HEADER = YES;
				CLANG_WARN_RANGE_LOOP_ANALYSIS = YES;
				CLANG_WARN_STRICT_PROTOTYPES = YES;
				CLANG_WARN_SUSPICIOUS_MOVE = YES;
				CLANG_WARN_UNGUARDED_AVAILABILITY = YES_AGGRESSIVE;
				CLANG_WARN_UNREACHABLE_CODE = YES;
				CLANG_WARN__DUPLICATE_METHOD_MATCH = YES;
				COPY_PHASE_STRIP = NO;
				DEBUG_INFORMATION_FORMAT = dwarf;
				ENABLE_STRICT_OBJC_MSGSEND = YES;
				ENABLE_TESTABILITY = YES;
				GCC_C_LANGUAGE_STANDARD = gnu11;
				GCC_DYNAMIC_NO_PIC = NO;
				GCC_NO_COMMON_BLOCKS = YES;
				GCC_OPTIMIZATION_LEVEL = 0;
				GCC_PREPROCESSOR_DEFINITIONS = (
					"DEBUG=1",
					"$(inherited)",
				);
				GCC_WARN_64_TO_32_BIT_CONVERSION = YES;
				GCC_WARN_ABOUT_RETURN_TYPE = YES_ERROR;
				GCC_WARN_UNDECLARED_SELECTOR = YES;
				GCC_WARN_UNINITIALIZED_AUTOS = YES_AGGRESSIVE;
				GCC_WARN_UNUSED_FUNCTION = YES;
				GCC_WARN_UNUSED_VARIABLE = YES;
				IPHONEOS_DEPLOYMENT_TARGET = 14.3;
				MTL_ENABLE_DEBUG_INFO = INCLUDE_SOURCE;
				MTL_FAST_MATH = YES;
				ONLY_ACTIVE_ARCH = YES;
				SDKROOT = iphoneos;
				SWIFT_ACTIVE_COMPILATION_CONDITIONS = DEBUG;
				SWIFT_OPTIMIZATION_LEVEL = "-Onone";
			};
			name = Debug;
		};
		17C40010260E330600FAACA7 /* Release */ = {
			isa = XCBuildConfiguration;
			buildSettings = {
				ALWAYS_SEARCH_USER_PATHS = NO;
				CLANG_ANALYZER_NONNULL = YES;
				CLANG_ANALYZER_NUMBER_OBJECT_CONVERSION = YES_AGGRESSIVE;
				CLANG_CXX_LANGUAGE_STANDARD = "gnu++14";
				CLANG_CXX_LIBRARY = "libc++";
				CLANG_ENABLE_MODULES = YES;
				CLANG_ENABLE_OBJC_ARC = YES;
				CLANG_ENABLE_OBJC_WEAK = YES;
				CLANG_WARN_BLOCK_CAPTURE_AUTORELEASING = YES;
				CLANG_WARN_BOOL_CONVERSION = YES;
				CLANG_WARN_COMMA = YES;
				CLANG_WARN_CONSTANT_CONVERSION = YES;
				CLANG_WARN_DEPRECATED_OBJC_IMPLEMENTATIONS = YES;
				CLANG_WARN_DIRECT_OBJC_ISA_USAGE = YES_ERROR;
				CLANG_WARN_DOCUMENTATION_COMMENTS = YES;
				CLANG_WARN_EMPTY_BODY = YES;
				CLANG_WARN_ENUM_CONVERSION = YES;
				CLANG_WARN_INFINITE_RECURSION = YES;
				CLANG_WARN_INT_CONVERSION = YES;
				CLANG_WARN_NON_LITERAL_NULL_CONVERSION = YES;
				CLANG_WARN_OBJC_IMPLICIT_RETAIN_SELF = YES;
				CLANG_WARN_OBJC_LITERAL_CONVERSION = YES;
				CLANG_WARN_OBJC_ROOT_CLASS = YES_ERROR;
				CLANG_WARN_QUOTED_INCLUDE_IN_FRAMEWORK_HEADER = YES;
				CLANG_WARN_RANGE_LOOP_ANALYSIS = YES;
				CLANG_WARN_STRICT_PROTOTYPES = YES;
				CLANG_WARN_SUSPICIOUS_MOVE = YES;
				CLANG_WARN_UNGUARDED_AVAILABILITY = YES_AGGRESSIVE;
				CLANG_WARN_UNREACHABLE_CODE = YES;
				CLANG_WARN__DUPLICATE_METHOD_MATCH = YES;
				COPY_PHASE_STRIP = NO;
				DEBUG_INFORMATION_FORMAT = "dwarf-with-dsym";
				ENABLE_NS_ASSERTIONS = NO;
				ENABLE_STRICT_OBJC_MSGSEND = YES;
				GCC_C_LANGUAGE_STANDARD = gnu11;
				GCC_NO_COMMON_BLOCKS = YES;
				GCC_WARN_64_TO_32_BIT_CONVERSION = YES;
				GCC_WARN_ABOUT_RETURN_TYPE = YES_ERROR;
				GCC_WARN_UNDECLARED_SELECTOR = YES;
				GCC_WARN_UNINITIALIZED_AUTOS = YES_AGGRESSIVE;
				GCC_WARN_UNUSED_FUNCTION = YES;
				GCC_WARN_UNUSED_VARIABLE = YES;
				IPHONEOS_DEPLOYMENT_TARGET = 14.3;
				MTL_ENABLE_DEBUG_INFO = NO;
				MTL_FAST_MATH = YES;
				SDKROOT = iphoneos;
				SWIFT_COMPILATION_MODE = wholemodule;
				SWIFT_OPTIMIZATION_LEVEL = "-O";
				VALIDATE_PRODUCT = YES;
			};
			name = Release;
		};
		17C40012260E330600FAACA7 /* Debug */ = {
			isa = XCBuildConfiguration;
			baseConfigurationReference = 655BBD6F26B9320C62283FD9 /* Pods-SurfReport.debug.xcconfig */;
			buildSettings = {
				ASSETCATALOG_COMPILER_APPICON_NAME = AppIcon;
				ASSETCATALOG_COMPILER_GLOBAL_ACCENT_COLOR_NAME = AccentColor;
				CODE_SIGN_STYLE = Automatic;
				DEVELOPMENT_ASSET_PATHS = "\"SurfReport/Preview Content\"";
				ENABLE_PREVIEWS = YES;
				INFOPLIST_FILE = SurfReport/Info.plist;
				IPHONEOS_DEPLOYMENT_TARGET = 14.0;
				LD_RUNPATH_SEARCH_PATHS = (
					"$(inherited)",
					"@executable_path/Frameworks",
				);
				PRODUCT_BUNDLE_IDENTIFIER = com.duffneubauer.SurfReport;
				PRODUCT_NAME = "$(TARGET_NAME)";
				SWIFT_VERSION = 5.0;
				TARGETED_DEVICE_FAMILY = "1,2";
			};
			name = Debug;
		};
		17C40013260E330600FAACA7 /* Release */ = {
			isa = XCBuildConfiguration;
			baseConfigurationReference = 32622236A954381268CA0B16 /* Pods-SurfReport.release.xcconfig */;
			buildSettings = {
				ASSETCATALOG_COMPILER_APPICON_NAME = AppIcon;
				ASSETCATALOG_COMPILER_GLOBAL_ACCENT_COLOR_NAME = AccentColor;
				CODE_SIGN_STYLE = Automatic;
				DEVELOPMENT_ASSET_PATHS = "\"SurfReport/Preview Content\"";
				ENABLE_PREVIEWS = YES;
				INFOPLIST_FILE = SurfReport/Info.plist;
				IPHONEOS_DEPLOYMENT_TARGET = 14.0;
				LD_RUNPATH_SEARCH_PATHS = (
					"$(inherited)",
					"@executable_path/Frameworks",
				);
				PRODUCT_BUNDLE_IDENTIFIER = com.duffneubauer.SurfReport;
				PRODUCT_NAME = "$(TARGET_NAME)";
				SWIFT_VERSION = 5.0;
				TARGETED_DEVICE_FAMILY = "1,2";
			};
			name = Release;
		};
/* End XCBuildConfiguration section */

/* Begin XCConfigurationList section */
		17C40011260E330600FAACA7 /* Build configuration list for PBXNativeTarget "SurfReport" */ = {
			isa = XCConfigurationList;
			buildConfigurations = (
				17C40012260E330600FAACA7 /* Debug */,
				17C40013260E330600FAACA7 /* Release */,
			);
			defaultConfigurationIsVisible = 0;
			defaultConfigurationName = Release;
		};
		17C4FFFD260E330400FAACA7 /* Build configuration list for PBXProject "SurfReport" */ = {
			isa = XCConfigurationList;
			buildConfigurations = (
				17C4000F260E330600FAACA7 /* Debug */,
				17C40010260E330600FAACA7 /* Release */,
			);
			defaultConfigurationIsVisible = 0;
			defaultConfigurationName = Release;
		};
/* End XCConfigurationList section */
	};
	rootObject = 17C4FFFA260E330400FAACA7 /* Project object */;
}
